PODS:
  - LTNavigationBar (2.1.9)
  - Masonry (1.1.0)
  - MJRefresh (3.1.15.1)

DEPENDENCIES:
  - LTNavigationBar (~> 2.1)
  - Masonry (~> 1.0)
  - MJRefresh

SPEC CHECKSUMS:
  LTNavigationBar: c278785bed344862e18146b5f06792932e4feacc
  Masonry: 678fab65091a9290e40e2832a55e7ab731aad201
  MJRefresh: 5f8552bc25ca8751c010f621c1098dbdaacbccd6

PODFILE CHECKSUM: 90a460c0631b1777a5e2a92a696346f3ade9f780

COCOAPODS: 1.1.1
